
Microsoft Visual Studio Solution File, Format Version 12.00
# Visual Studio Version 16
VisualStudioVersion = 16.0.30309.148
MinimumVisualStudioVersion = 10.0.40219.1
Project("{2150E333-8FDC-42A3-9474-1A3956D46DE8}") = "src", "src", "{35E4C6ED-9B65-40B9-A2A2-321C4FFEDA24}"
EndProject
Project("{2150E333-8FDC-42A3-9474-1A3956D46DE8}") = "Building Blocks", "Building Blocks", "{162A9C4A-D66F-47C0-A1CA-41AC5DFFB65D}"
EndProject
Project("{2150E333-8FDC-42A3-9474-1A3956D46DE8}") = "Services", "Services", "{AEE78D65-9EE5-4CD1-AF87-E983223BF236}"
EndProject
Project("{2150E333-8FDC-42A3-9474-1A3956D46DE8}") = "Web", "Web", "{3143A945-8F57-438D-8569-133863EA6354}"
EndProject
Project("{2150E333-8FDC-42A3-9474-1A3956D46DE8}") = "Identidade", "Identidade", "{F94BD77A-F886-401B-83A2-3F95BDADE7E7}"
EndProject
Project("{FAE04EC0-301F-11D3-BF4B-00C04F79EFBC}") = "NSE.Identidade.API", "src\services\NSE.Identidade.API\NSE.Identidade.API.csproj", "{92BF4CC5-F709-4CB5-B809-090BBE602FA6}"
EndProject
Project("{2150E333-8FDC-42A3-9474-1A3956D46DE8}") = "MVC", "MVC", "{82870848-7CB9-4719-AD0F-E35A2AAEBDA0}"
EndProject
Project("{FAE04EC0-301F-11D3-BF4B-00C04F79EFBC}") = "NSE.WebApp.MVC", "src\web\NSE.WebApp.MVC\NSE.WebApp.MVC.csproj", "{BC4C3153-CE66-4E2C-8244-3B620C15C1C8}"
EndProject
Project("{2150E333-8FDC-42A3-9474-1A3956D46DE8}") = "Core", "Core", "{01912C85-A668-4D99-91D7-6221D3E37E1A}"
EndProject
Project("{FAE04EC0-301F-11D3-BF4B-00C04F79EFBC}") = "NSE.Core", "src\building blocks\NSE.Core\NSE.Core.csproj", "{BB06D06A-20A5-4AE6-A383-3269302B60DF}"
EndProject
Project("{2150E333-8FDC-42A3-9474-1A3956D46DE8}") = "Carrinho", "Carrinho", "{E4276AA4-C491-472E-BD2C-95977BA1471C}"
EndProject
Project("{2150E333-8FDC-42A3-9474-1A3956D46DE8}") = "Catalogo", "Catalogo", "{EBB1E04A-085E-4503-B82D-E702E4162845}"
EndProject
Project("{2150E333-8FDC-42A3-9474-1A3956D46DE8}") = "Cliente", "Cliente", "{76D83FFC-A73F-418A-848D-E72F3C33AA76}"
EndProject
Project("{2150E333-8FDC-42A3-9474-1A3956D46DE8}") = "Pagamento", "Pagamento", "{203D847A-605E-4BB5-B7CA-D02D14919D68}"
EndProject
Project("{2150E333-8FDC-42A3-9474-1A3956D46DE8}") = "Pedido", "Pedido", "{42D5F82D-AF48-4696-A0AB-CFD636D3FD55}"
EndProject
Project("{FAE04EC0-301F-11D3-BF4B-00C04F79EFBC}") = "NSE.Carrinho.API", "src\services\NSE.Carrinho.API\NSE.Carrinho.API.csproj", "{C156875A-FAEF-47BB-8671-2F0B89143C83}"
EndProject
Project("{FAE04EC0-301F-11D3-BF4B-00C04F79EFBC}") = "NSE.Catalago.API", "src\services\NSE.Catalago.API\NSE.Catalago.API.csproj", "{55FF613A-CB32-4AD5-A8CA-F4AAC48EA736}"
EndProject
Project("{FAE04EC0-301F-11D3-BF4B-00C04F79EFBC}") = "NSE.Cliente.API", "src\services\NSE.Cliente.API\NSE.Cliente.API.csproj", "{BF05278E-52AF-472E-8B47-BDC89994D707}"
EndProject
Project("{FAE04EC0-301F-11D3-BF4B-00C04F79EFBC}") = "NSE.Pagamento.API", "src\services\NSE.Pagamento.API\NSE.Pagamento.API.csproj", "{DD95FF7E-97B9-47EC-8EA3-2DBE0031253E}"
EndProject
Project("{FAE04EC0-301F-11D3-BF4B-00C04F79EFBC}") = "NSE.Pedido.API", "src\services\NSE.Pedido.API\NSE.Pedido.API.csproj", "{11549BA7-6B40-4402-8016-E600E652D456}"
EndProject
Global
	GlobalSection(SolutionConfigurationPlatforms) = preSolution
		Debug|Any CPU = Debug|Any CPU
		Release|Any CPU = Release|Any CPU
	EndGlobalSection
	GlobalSection(ProjectConfigurationPlatforms) = postSolution
		{92BF4CC5-F709-4CB5-B809-090BBE602FA6}.Debug|Any CPU.ActiveCfg = Debug|Any CPU
		{92BF4CC5-F709-4CB5-B809-090BBE602FA6}.Debug|Any CPU.Build.0 = Debug|Any CPU
		{92BF4CC5-F709-4CB5-B809-090BBE602FA6}.Release|Any CPU.ActiveCfg = Release|Any CPU
		{92BF4CC5-F709-4CB5-B809-090BBE602FA6}.Release|Any CPU.Build.0 = Release|Any CPU
		{BC4C3153-CE66-4E2C-8244-3B620C15C1C8}.Debug|Any CPU.ActiveCfg = Debug|Any CPU
		{BC4C3153-CE66-4E2C-8244-3B620C15C1C8}.Debug|Any CPU.Build.0 = Debug|Any CPU
		{BC4C3153-CE66-4E2C-8244-3B620C15C1C8}.Release|Any CPU.ActiveCfg = Release|Any CPU
		{BC4C3153-CE66-4E2C-8244-3B620C15C1C8}.Release|Any CPU.Build.0 = Release|Any CPU
		{BB06D06A-20A5-4AE6-A383-3269302B60DF}.Debug|Any CPU.ActiveCfg = Debug|Any CPU
		{BB06D06A-20A5-4AE6-A383-3269302B60DF}.Debug|Any CPU.Build.0 = Debug|Any CPU
		{BB06D06A-20A5-4AE6-A383-3269302B60DF}.Release|Any CPU.ActiveCfg = Release|Any CPU
		{BB06D06A-20A5-4AE6-A383-3269302B60DF}.Release|Any CPU.Build.0 = Release|Any CPU
		{C156875A-FAEF-47BB-8671-2F0B89143C83}.Debug|Any CPU.ActiveCfg = Debug|Any CPU
		{C156875A-FAEF-47BB-8671-2F0B89143C83}.Debug|Any CPU.Build.0 = Debug|Any CPU
		{C156875A-FAEF-47BB-8671-2F0B89143C83}.Release|Any CPU.ActiveCfg = Release|Any CPU
		{C156875A-FAEF-47BB-8671-2F0B89143C83}.Release|Any CPU.Build.0 = Release|Any CPU
		{55FF613A-CB32-4AD5-A8CA-F4AAC48EA736}.Debug|Any CPU.ActiveCfg = Debug|Any CPU
		{55FF613A-CB32-4AD5-A8CA-F4AAC48EA736}.Debug|Any CPU.Build.0 = Debug|Any CPU
		{55FF613A-CB32-4AD5-A8CA-F4AAC48EA736}.Release|Any CPU.ActiveCfg = Release|Any CPU
		{55FF613A-CB32-4AD5-A8CA-F4AAC48EA736}.Release|Any CPU.Build.0 = Release|Any CPU
		{BF05278E-52AF-472E-8B47-BDC89994D707}.Debug|Any CPU.ActiveCfg = Debug|Any CPU
		{BF05278E-52AF-472E-8B47-BDC89994D707}.Debug|Any CPU.Build.0 = Debug|Any CPU
		{BF05278E-52AF-472E-8B47-BDC89994D707}.Release|Any CPU.ActiveCfg = Release|Any CPU
		{BF05278E-52AF-472E-8B47-BDC89994D707}.Release|Any CPU.Build.0 = Release|Any CPU
		{DD95FF7E-97B9-47EC-8EA3-2DBE0031253E}.Debug|Any CPU.ActiveCfg = Debug|Any CPU
		{DD95FF7E-97B9-47EC-8EA3-2DBE0031253E}.Debug|Any CPU.Build.0 = Debug|Any CPU
		{DD95FF7E-97B9-47EC-8EA3-2DBE0031253E}.Release|Any CPU.ActiveCfg = Release|Any CPU
		{DD95FF7E-97B9-47EC-8EA3-2DBE0031253E}.Release|Any CPU.Build.0 = Release|Any CPU
		{11549BA7-6B40-4402-8016-E600E652D456}.Debug|Any CPU.ActiveCfg = Debug|Any CPU
		{11549BA7-6B40-4402-8016-E600E652D456}.Debug|Any CPU.Build.0 = Debug|Any CPU
		{11549BA7-6B40-4402-8016-E600E652D456}.Release|Any CPU.ActiveCfg = Release|Any CPU
		{11549BA7-6B40-4402-8016-E600E652D456}.Release|Any CPU.Build.0 = Release|Any CPU
	EndGlobalSection
	GlobalSection(SolutionProperties) = preSolution
		HideSolutionNode = FALSE
	EndGlobalSection
	GlobalSection(NestedProjects) = preSolution
		{162A9C4A-D66F-47C0-A1CA-41AC5DFFB65D} = {35E4C6ED-9B65-40B9-A2A2-321C4FFEDA24}
		{AEE78D65-9EE5-4CD1-AF87-E983223BF236} = {35E4C6ED-9B65-40B9-A2A2-321C4FFEDA24}
		{3143A945-8F57-438D-8569-133863EA6354} = {35E4C6ED-9B65-40B9-A2A2-321C4FFEDA24}
		{F94BD77A-F886-401B-83A2-3F95BDADE7E7} = {AEE78D65-9EE5-4CD1-AF87-E983223BF236}
		{92BF4CC5-F709-4CB5-B809-090BBE602FA6} = {F94BD77A-F886-401B-83A2-3F95BDADE7E7}
		{82870848-7CB9-4719-AD0F-E35A2AAEBDA0} = {3143A945-8F57-438D-8569-133863EA6354}
		{BC4C3153-CE66-4E2C-8244-3B620C15C1C8} = {82870848-7CB9-4719-AD0F-E35A2AAEBDA0}
		{01912C85-A668-4D99-91D7-6221D3E37E1A} = {162A9C4A-D66F-47C0-A1CA-41AC5DFFB65D}
		{BB06D06A-20A5-4AE6-A383-3269302B60DF} = {01912C85-A668-4D99-91D7-6221D3E37E1A}
		{E4276AA4-C491-472E-BD2C-95977BA1471C} = {AEE78D65-9EE5-4CD1-AF87-E983223BF236}
		{EBB1E04A-085E-4503-B82D-E702E4162845} = {AEE78D65-9EE5-4CD1-AF87-E983223BF236}
		{76D83FFC-A73F-418A-848D-E72F3C33AA76} = {AEE78D65-9EE5-4CD1-AF87-E983223BF236}
		{203D847A-605E-4BB5-B7CA-D02D14919D68} = {AEE78D65-9EE5-4CD1-AF87-E983223BF236}
		{42D5F82D-AF48-4696-A0AB-CFD636D3FD55} = {AEE78D65-9EE5-4CD1-AF87-E983223BF236}
		{C156875A-FAEF-47BB-8671-2F0B89143C83} = {E4276AA4-C491-472E-BD2C-95977BA1471C}
		{55FF613A-CB32-4AD5-A8CA-F4AAC48EA736} = {EBB1E04A-085E-4503-B82D-E702E4162845}
		{BF05278E-52AF-472E-8B47-BDC89994D707} = {76D83FFC-A73F-418A-848D-E72F3C33AA76}
		{DD95FF7E-97B9-47EC-8EA3-2DBE0031253E} = {203D847A-605E-4BB5-B7CA-D02D14919D68}
		{11549BA7-6B40-4402-8016-E600E652D456} = {42D5F82D-AF48-4696-A0AB-CFD636D3FD55}
	EndGlobalSection
	GlobalSection(ExtensibilityGlobals) = postSolution
		SolutionGuid = {BAA7A715-E477-4F0E-BBD3-B88896E6CF08}
	EndGlobalSection
EndGlobal
